
Microsoft Visual Studio Solution File, Format Version 12.00
# Visual Studio Version 17
VisualStudioVersion = 17.0.31903.59
MinimumVisualStudioVersion = 10.0.40219.1
Project("{9A19103F-16F7-4668-BE54-9A1E7A4F7556}") = "user", "user\user.csproj", "{32D989FF-E494-4A76-AA41-9E8FF250D149}"
EndProject
Project("{9A19103F-16F7-4668-BE54-9A1E7A4F7556}") = "user.tests", "user.tests\user.tests.csproj", "{C07FB78D-875B-49C1-BA7A-E3C2A6A89B7E}"
EndProject
Project("{9A19103F-16F7-4668-BE54-9A1E7A4F7556}") = "wallet", "wallet\wallet.csproj", "{26477B6E-9A25-4456-A293-FB6857A0891A}"
EndProject
Project("{FAE04EC0-301F-11D3-BF4B-00C04F79EFBC}") = "wallet.tests", "wallet.tests\wallet.tests.csproj", "{A2DDD299-87BB-4FE5-964C-735A9C026EDB}"
EndProject
Global
	GlobalSection(SolutionConfigurationPlatforms) = preSolution
		Debug|Any CPU = Debug|Any CPU
		Release|Any CPU = Release|Any CPU
	EndGlobalSection
	GlobalSection(ProjectConfigurationPlatforms) = postSolution
		{32D989FF-E494-4A76-AA41-9E8FF250D149}.Debug|Any CPU.ActiveCfg = Debug|Any CPU
		{32D989FF-E494-4A76-AA41-9E8FF250D149}.Debug|Any CPU.Build.0 = Debug|Any CPU
		{32D989FF-E494-4A76-AA41-9E8FF250D149}.Release|Any CPU.ActiveCfg = Release|Any CPU
		{32D989FF-E494-4A76-AA41-9E8FF250D149}.Release|Any CPU.Build.0 = Release|Any CPU
		{C07FB78D-875B-49C1-BA7A-E3C2A6A89B7E}.Debug|Any CPU.ActiveCfg = Debug|Any CPU
		{C07FB78D-875B-49C1-BA7A-E3C2A6A89B7E}.Debug|Any CPU.Build.0 = Debug|Any CPU
		{C07FB78D-875B-49C1-BA7A-E3C2A6A89B7E}.Release|Any CPU.ActiveCfg = Release|Any CPU
		{C07FB78D-875B-49C1-BA7A-E3C2A6A89B7E}.Release|Any CPU.Build.0 = Release|Any CPU
		{26477B6E-9A25-4456-A293-FB6857A0891A}.Debug|Any CPU.ActiveCfg = Debug|Any CPU
		{26477B6E-9A25-4456-A293-FB6857A0891A}.Debug|Any CPU.Build.0 = Debug|Any CPU
		{26477B6E-9A25-4456-A293-FB6857A0891A}.Release|Any CPU.ActiveCfg = Release|Any CPU
		{26477B6E-9A25-4456-A293-FB6857A0891A}.Release|Any CPU.Build.0 = Release|Any CPU
		{A2DDD299-87BB-4FE5-964C-735A9C026EDB}.Debug|Any CPU.ActiveCfg = Debug|Any CPU
		{A2DDD299-87BB-4FE5-964C-735A9C026EDB}.Debug|Any CPU.Build.0 = Debug|Any CPU
		{A2DDD299-87BB-4FE5-964C-735A9C026EDB}.Release|Any CPU.ActiveCfg = Release|Any CPU
		{A2DDD299-87BB-4FE5-964C-735A9C026EDB}.Release|Any CPU.Build.0 = Release|Any CPU
	EndGlobalSection
	GlobalSection(SolutionProperties) = preSolution
		HideSolutionNode = FALSE
	EndGlobalSection
	GlobalSection(ExtensibilityGlobals) = postSolution
		SolutionGuid = {E81041B5-F4FA-4764-A934-C90FFE6BD452}
	EndGlobalSection
EndGlobal
